{
  "name": "phase-4-deploying-app-demo",
  "lockfileVersion": 2,
  "requires": true,
  "packages": {
    "": {
      "name": "phase-4-deploying-app-demo",
      "dependencies": {
        "lodash": "^4.17.21",
        "lodash.xor": "^4.5.0"
      },
      "engines": {
        "node": "16.x"
      }
    },
    "node_modules/lodash": {
      "version": "4.17.21",
      "resolved": "https://registry.npmjs.org/lodash/-/lodash-4.17.21.tgz",
      "integrity": "sha512-v2kDEe57lecTulaDIuNTPy3Ry4gLGJ6Z1O3vE1krgXZNrsQ+LFTGHVxVjcXPs17LhbZVGedAJv8XZ1tvj5FvSg=="
    },
    "node_modules/lodash.xor": {
      "version": "4.5.0",
      "resolved": "https://registry.npmjs.org/lodash.xor/-/lodash.xor-4.5.0.tgz",
      "integrity": "sha1-TUjtfpgJWwYyWCunFNP/iuj7HbY="
    }
  },
  "dependencies": {
    "lodash": {
      "version": "4.17.21",
      "resolved": "https://registry.npmjs.org/lodash/-/lodash-4.17.21.tgz",
      "integrity": "sha512-v2kDEe57lecTulaDIuNTPy3Ry4gLGJ6Z1O3vE1krgXZNrsQ+LFTGHVxVjcXPs17LhbZVGedAJv8XZ1tvj5FvSg=="
    },
    "lodash.xor": {
      "version": "4.5.0",
      "resolved": "https://registry.npmjs.org/lodash.xor/-/lodash.xor-4.5.0.tgz",
      "integrity": "sha1-TUjtfpgJWwYyWCunFNP/iuj7HbY="
    }
  }
}
